
Microsoft Visual Studio Solution File, Format Version 12.00
# Visual Studio Version 16
VisualStudioVersion = 16.0.31702.278
MinimumVisualStudioVersion = 10.0.40219.1
Project("{9A19103F-16F7-4668-BE54-9A1E7A4F7556}") = "TimetableGenerator", "TimetableGenerator.csproj", "{D8B5DBFE-02FB-4186-8939-4D1B5E6FBB61}"
EndProject
Global
	GlobalSection(SolutionConfigurationPlatforms) = preSolution
		Debug|Any CPU = Debug|Any CPU
		Release|Any CPU = Release|Any CPU
	EndGlobalSection
	GlobalSection(ProjectConfigurationPlatforms) = postSolution
		{D8B5DBFE-02FB-4186-8939-4D1B5E6FBB61}.Debug|Any CPU.ActiveCfg = Debug|Any CPU
		{D8B5DBFE-02FB-4186-8939-4D1B5E6FBB61}.Debug|Any CPU.Build.0 = Debug|Any CPU
		{D8B5DBFE-02FB-4186-8939-4D1B5E6FBB61}.Release|Any CPU.ActiveCfg = Release|Any CPU
		{D8B5DBFE-02FB-4186-8939-4D1B5E6FBB61}.Release|Any CPU.Build.0 = Release|Any CPU
	EndGlobalSection
	GlobalSection(SolutionProperties) = preSolution
		HideSolutionNode = FALSE
	EndGlobalSection
	GlobalSection(ExtensibilityGlobals) = postSolution
		SolutionGuid = {F5DB3BD8-DC9F-49A8-A981-7525E611D9C3}
	EndGlobalSection
EndGlobal
